// !$*UTF8*$!
{
	archiveVersion = 1;
	classes = {
	};
	objectVersion = 50;
	objects = {

/* Begin PBXBuildFile section */
		F01E81CC241F78D1009CC20B /* AppDelegate.m in Sources */ = {isa = PBXBuildFile; fileRef = F01E81CB241F78D1009CC20B /* AppDelegate.m */; };
		F01E81CF241F78D1009CC20B /* SceneDelegate.m in Sources */ = {isa = PBXBuildFile; fileRef = F01E81CE241F78D1009CC20B /* SceneDelegate.m */; };
		F01E81D2241F78D1009CC20B /* ViewController.m in Sources */ = {isa = PBXBuildFile; fileRef = F01E81D1241F78D1009CC20B /* ViewController.m */; };
		F01E81D5241F78D1009CC20B /* Main.storyboard in Resources */ = {isa = PBXBuildFile; fileRef = F01E81D3241F78D1009CC20B /* Main.storyboard */; };
		F01E81D7241F78D3009CC20B /* Assets.xcassets in Resources */ = {isa = PBXBuildFile; fileRef = F01E81D6241F78D3009CC20B /* Assets.xcassets */; };
		F01E81DA241F78D4009CC20B /* LaunchScreen.storyboard in Resources */ = {isa = PBXBuildFile; fileRef = F01E81D8241F78D4009CC20B /* LaunchScreen.storyboard */; };
		F01E81DD241F78D4009CC20B /* main.m in Sources */ = {isa = PBXBuildFile; fileRef = F01E81DC241F78D4009CC20B /* main.m */; };
		F01E81E7241F89E7009CC20B /* XZQSpeechViewController.m in Sources */ = {isa = PBXBuildFile; fileRef = F01E81E6241F89E7009CC20B /* XZQSpeechViewController.m */; };
		F07850C92429DA7D00898FC9 /* XZQAVkitController.m in Sources */ = {isa = PBXBuildFile; fileRef = F07850C82429DA7D00898FC9 /* XZQAVkitController.m */; };
		F0951043242C80FC00EEEF7C /* XZQSimpleCaptureController.m in Sources */ = {isa = PBXBuildFile; fileRef = F0951042242C80FC00EEEF7C /* XZQSimpleCaptureController.m */; };
		F0951046242C81F200EEEF7C /* XZQPhotoVideoCaptureController.m in Sources */ = {isa = PBXBuildFile; fileRef = F0951045242C81F200EEEF7C /* XZQPhotoVideoCaptureController.m */; };
		F0A1F3C9242B46C000203A07 /* XZQVideoCaptureController.m in Sources */ = {isa = PBXBuildFile; fileRef = F0A1F3C8242B46C000203A07 /* XZQVideoCaptureController.m */; };
		F0D1F82324234D1200F40ECF /* XZQLibraryAndMetaDataViewController.m in Sources */ = {isa = PBXBuildFile; fileRef = F0D1F82224234D1200F40ECF /* XZQLibraryAndMetaDataViewController.m */; };
		F0DE55962420BBD9007BF97D /* XZQPlayAndRecordViewController.m in Sources */ = {isa = PBXBuildFile; fileRef = F0DE55952420BBD9007BF97D /* XZQPlayAndRecordViewController.m */; };
		F0DE559B2420BDCF007BF97D /* BaseViewController.m in Sources */ = {isa = PBXBuildFile; fileRef = F0DE559A2420BDCF007BF97D /* BaseViewController.m */; };
		F0DE55A22420C391007BF97D /* 把故事写成我们.mp3 in Resources */ = {isa = PBXBuildFile; fileRef = F0DE55A12420C391007BF97D /* 把故事写成我们.mp3 */; };
		F0DE55A42420D72D007BF97D /* AVFoundation播放和录制音频.md in Resources */ = {isa = PBXBuildFile; fileRef = F0DE55A32420D72D007BF97D /* AVFoundation播放和录制音频.md */; };
		F0E825B124288F4300D4953E /* XZQVideoPlayerController.m in Sources */ = {isa = PBXBuildFile; fileRef = F0E825B024288F4300D4953E /* XZQVideoPlayerController.m */; };
		F0E825B82428977B00D4953E /* test.mp4 in Resources */ = {isa = PBXBuildFile; fileRef = F0E825B72428977B00D4953E /* test.mp4 */; };
/* End PBXBuildFile section */

/* Begin PBXFileReference section */
		F01E81C7241F78D1009CC20B /* iOS-Foundation.app */ = {isa = PBXFileReference; explicitFileType = wrapper.application; includeInIndex = 0; path = "iOS-Foundation.app"; sourceTree = BUILT_PRODUCTS_DIR; };
		F01E81CA241F78D1009CC20B /* AppDelegate.h */ = {isa = PBXFileReference; lastKnownFileType = sourcecode.c.h; path = AppDelegate.h; sourceTree = "<group>"; };
		F01E81CB241F78D1009CC20B /* AppDelegate.m */ = {isa = PBXFileReference; lastKnownFileType = sourcecode.c.objc; path = AppDelegate.m; sourceTree = "<group>"; };
		F01E81CD241F78D1009CC20B /* SceneDelegate.h */ = {isa = PBXFileReference; lastKnownFileType = sourcecode.c.h; path = SceneDelegate.h; sourceTree = "<group>"; };
		F01E81CE241F78D1009CC20B /* SceneDelegate.m */ = {isa = PBXFileReference; lastKnownFileType = sourcecode.c.objc; path = SceneDelegate.m; sourceTree = "<group>"; };
		F01E81D0241F78D1009CC20B /* ViewController.h */ = {isa = PBXFileReference; lastKnownFileType = sourcecode.c.h; path = ViewController.h; sourceTree = "<group>"; };
		F01E81D1241F78D1009CC20B /* ViewController.m */ = {isa = PBXFileReference; lastKnownFileType = sourcecode.c.objc; path = ViewController.m; sourceTree = "<group>"; };
		F01E81D4241F78D1009CC20B /* Base */ = {isa = PBXFileReference; lastKnownFileType = file.storyboard; name = Base; path = Base.lproj/Main.storyboard; sourceTree = "<group>"; };
		F01E81D6241F78D3009CC20B /* Assets.xcassets */ = {isa = PBXFileReference; lastKnownFileType = folder.assetcatalog; path = Assets.xcassets; sourceTree = "<group>"; };
		F01E81D9241F78D4009CC20B /* Base */ = {isa = PBXFileReference; lastKnownFileType = file.storyboard; name = Base; path = Base.lproj/LaunchScreen.storyboard; sourceTree = "<group>"; };
		F01E81DB241F78D4009CC20B /* Info.plist */ = {isa = PBXFileReference; lastKnownFileType = text.plist.xml; path = Info.plist; sourceTree = "<group>"; };
		F01E81DC241F78D4009CC20B /* main.m */ = {isa = PBXFileReference; lastKnownFileType = sourcecode.c.objc; path = main.m; sourceTree = "<group>"; };
		F01E81E4241F7F47009CC20B /* AVFoundation入门.md */ = {isa = PBXFileReference; lastKnownFileType = net.daringfireball.markdown; path = "AVFoundation入门.md"; sourceTree = "<group>"; };
		F01E81E5241F89E7009CC20B /* XZQSpeechViewController.h */ = {isa = PBXFileReference; lastKnownFileType = sourcecode.c.h; path = XZQSpeechViewController.h; sourceTree = "<group>"; };
		F01E81E6241F89E7009CC20B /* XZQSpeechViewController.m */ = {isa = PBXFileReference; lastKnownFileType = sourcecode.c.objc; path = XZQSpeechViewController.m; sourceTree = "<group>"; };
		F03A504B242B2B71009ECAE1 /* AVFoundation捕捉媒体.md */ = {isa = PBXFileReference; lastKnownFileType = net.daringfireball.markdown; path = "AVFoundation捕捉媒体.md"; sourceTree = "<group>"; };
		F07850C62429D77900898FC9 /* AVFoundation之AVKit用法.md */ = {isa = PBXFileReference; lastKnownFileType = net.daringfireball.markdown; path = "AVFoundation之AVKit用法.md"; sourceTree = "<group>"; };
		F07850C72429DA7D00898FC9 /* XZQAVkitController.h */ = {isa = PBXFileReference; lastKnownFileType = sourcecode.c.h; path = XZQAVkitController.h; sourceTree = "<group>"; };
		F07850C82429DA7D00898FC9 /* XZQAVkitController.m */ = {isa = PBXFileReference; lastKnownFileType = sourcecode.c.objc; path = XZQAVkitController.m; sourceTree = "<group>"; };
		F0951041242C80FC00EEEF7C /* XZQSimpleCaptureController.h */ = {isa = PBXFileReference; lastKnownFileType = sourcecode.c.h; path = XZQSimpleCaptureController.h; sourceTree = "<group>"; };
		F0951042242C80FC00EEEF7C /* XZQSimpleCaptureController.m */ = {isa = PBXFileReference; lastKnownFileType = sourcecode.c.objc; path = XZQSimpleCaptureController.m; sourceTree = "<group>"; };
		F0951044242C81F200EEEF7C /* XZQPhotoVideoCaptureController.h */ = {isa = PBXFileReference; lastKnownFileType = sourcecode.c.h; path = XZQPhotoVideoCaptureController.h; sourceTree = "<group>"; };
		F0951045242C81F200EEEF7C /* XZQPhotoVideoCaptureController.m */ = {isa = PBXFileReference; lastKnownFileType = sourcecode.c.objc; path = XZQPhotoVideoCaptureController.m; sourceTree = "<group>"; };
		F0A1F3C7242B46C000203A07 /* XZQVideoCaptureController.h */ = {isa = PBXFileReference; lastKnownFileType = sourcecode.c.h; path = XZQVideoCaptureController.h; sourceTree = "<group>"; };
		F0A1F3C8242B46C000203A07 /* XZQVideoCaptureController.m */ = {isa = PBXFileReference; lastKnownFileType = sourcecode.c.objc; path = XZQVideoCaptureController.m; sourceTree = "<group>"; };
		F0D1F82124234D1200F40ECF /* XZQLibraryAndMetaDataViewController.h */ = {isa = PBXFileReference; lastKnownFileType = sourcecode.c.h; path = XZQLibraryAndMetaDataViewController.h; sourceTree = "<group>"; };
		F0D1F82224234D1200F40ECF /* XZQLibraryAndMetaDataViewController.m */ = {isa = PBXFileReference; lastKnownFileType = sourcecode.c.objc; path = XZQLibraryAndMetaDataViewController.m; sourceTree = "<group>"; };
		F0DE55942420BBD9007BF97D /* XZQPlayAndRecordViewController.h */ = {isa = PBXFileReference; lastKnownFileType = sourcecode.c.h; path = XZQPlayAndRecordViewController.h; sourceTree = "<group>"; };
		F0DE55952420BBD9007BF97D /* XZQPlayAndRecordViewController.m */ = {isa = PBXFileReference; lastKnownFileType = sourcecode.c.objc; path = XZQPlayAndRecordViewController.m; sourceTree = "<group>"; };
		F0DE55992420BDCF007BF97D /* BaseViewController.h */ = {isa = PBXFileReference; lastKnownFileType = sourcecode.c.h; path = BaseViewController.h; sourceTree = "<group>"; };
		F0DE559A2420BDCF007BF97D /* BaseViewController.m */ = {isa = PBXFileReference; lastKnownFileType = sourcecode.c.objc; path = BaseViewController.m; sourceTree = "<group>"; };
		F0DE559E2420BFE4007BF97D /* High-PrefixHeader.pch */ = {isa = PBXFileReference; fileEncoding = 4; lastKnownFileType = sourcecode.c.h; path = "High-PrefixHeader.pch"; sourceTree = "<group>"; };
		F0DE55A12420C391007BF97D /* 把故事写成我们.mp3 */ = {isa = PBXFileReference; lastKnownFileType = audio.mp3; path = "把故事写成我们.mp3"; sourceTree = "<group>"; };
		F0DE55A32420D72D007BF97D /* AVFoundation播放和录制音频.md */ = {isa = PBXFileReference; fileEncoding = 4; lastKnownFileType = net.daringfireball.markdown; path = "AVFoundation播放和录制音频.md"; sourceTree = "<group>"; };
		F0E10A802424A65C00AE383E /* AVFoundation视频播放.md */ = {isa = PBXFileReference; lastKnownFileType = net.daringfireball.markdown; path = "AVFoundation视频播放.md"; sourceTree = "<group>"; };
		F0E825AF24288F4300D4953E /* XZQVideoPlayerController.h */ = {isa = PBXFileReference; lastKnownFileType = sourcecode.c.h; path = XZQVideoPlayerController.h; sourceTree = "<group>"; };
		F0E825B024288F4300D4953E /* XZQVideoPlayerController.m */ = {isa = PBXFileReference; lastKnownFileType = sourcecode.c.objc; path = XZQVideoPlayerController.m; sourceTree = "<group>"; };
		F0E825B72428977B00D4953E /* test.mp4 */ = {isa = PBXFileReference; lastKnownFileType = file; path = test.mp4; sourceTree = "<group>"; };
		F0F5BA2124220E1900EEA7F9 /* AVFoundation资源和元数据.md */ = {isa = PBXFileReference; lastKnownFileType = net.daringfireball.markdown; path = "AVFoundation资源和元数据.md"; sourceTree = "<group>"; };
/* End PBXFileReference section */

/* Begin PBXFrameworksBuildPhase section */
		F01E81C4241F78D1009CC20B /* Frameworks */ = {
			isa = PBXFrameworksBuildPhase;
			buildActionMask = 2147483647;
			files = (
			);
			runOnlyForDeploymentPostprocessing = 0;
		};
/* End PBXFrameworksBuildPhase section */

/* Begin PBXGroup section */
		F01E81BE241F78D0009CC20B = {
			isa = PBXGroup;
			children = (
				F01E81C9241F78D1009CC20B /* iOS-Foundation */,
				F01E81C8241F78D1009CC20B /* Products */,
			);
			sourceTree = "<group>";
		};
		F01E81C8241F78D1009CC20B /* Products */ = {
			isa = PBXGroup;
			children = (
				F01E81C7241F78D1009CC20B /* iOS-Foundation.app */,
			);
			name = Products;
			sourceTree = "<group>";
		};
		F01E81C9241F78D1009CC20B /* iOS-Foundation */ = {
			isa = PBXGroup;
			children = (
				F0DE559F2420C362007BF97D /* Resource */,
				F0DE55972420BD55007BF97D /* Common */,
				F01E81E3241F7EA2009CC20B /* 01AVFoundation入门 */,
				F0DE55902420AB33007BF97D /* 02AVFoundation播放和录制音频 */,
				F0F5BA2024220D9B00EEA7F9 /* 03AVFoundation资源和元数据 */,
				F0E10A7F2424A63A00AE383E /* 04AVFoundation视频播放 */,
				F07850C52429D73F00898FC9 /* 05AVFoundation之AVKit用法 */,
				F03A504A242B2B4D009ECAE1 /* 06AVFoundation捕捉媒体 */,
				F01E81CA241F78D1009CC20B /* AppDelegate.h */,
				F01E81CB241F78D1009CC20B /* AppDelegate.m */,
				F01E81CD241F78D1009CC20B /* SceneDelegate.h */,
				F01E81CE241F78D1009CC20B /* SceneDelegate.m */,
				F01E81D0241F78D1009CC20B /* ViewController.h */,
				F01E81D1241F78D1009CC20B /* ViewController.m */,
				F01E81D3241F78D1009CC20B /* Main.storyboard */,
				F01E81D6241F78D3009CC20B /* Assets.xcassets */,
				F01E81D8241F78D4009CC20B /* LaunchScreen.storyboard */,
				F01E81DB241F78D4009CC20B /* Info.plist */,
				F01E81DC241F78D4009CC20B /* main.m */,
			);
			path = "iOS-Foundation";
			sourceTree = "<group>";
		};
		F01E81E3241F7EA2009CC20B /* 01AVFoundation入门 */ = {
			isa = PBXGroup;
			children = (
				F01E81E4241F7F47009CC20B /* AVFoundation入门.md */,
				F01E81E5241F89E7009CC20B /* XZQSpeechViewController.h */,
				F01E81E6241F89E7009CC20B /* XZQSpeechViewController.m */,
			);
			path = "01AVFoundation入门";
			sourceTree = "<group>";
		};
		F03A504A242B2B4D009ECAE1 /* 06AVFoundation捕捉媒体 */ = {
			isa = PBXGroup;
			children = (
				F03A504B242B2B71009ECAE1 /* AVFoundation捕捉媒体.md */,
				F0A1F3C7242B46C000203A07 /* XZQVideoCaptureController.h */,
				F0A1F3C8242B46C000203A07 /* XZQVideoCaptureController.m */,
				F0951041242C80FC00EEEF7C /* XZQSimpleCaptureController.h */,
				F0951042242C80FC00EEEF7C /* XZQSimpleCaptureController.m */,
				F0951044242C81F200EEEF7C /* XZQPhotoVideoCaptureController.h */,
				F0951045242C81F200EEEF7C /* XZQPhotoVideoCaptureController.m */,
			);
			path = "06AVFoundation捕捉媒体";
			sourceTree = "<group>";
		};
		F07850C52429D73F00898FC9 /* 05AVFoundation之AVKit用法 */ = {
			isa = PBXGroup;
			children = (
				F07850C62429D77900898FC9 /* AVFoundation之AVKit用法.md */,
				F07850C72429DA7D00898FC9 /* XZQAVkitController.h */,
				F07850C82429DA7D00898FC9 /* XZQAVkitController.m */,
			);
			path = "05AVFoundation之AVKit用法";
			sourceTree = "<group>";
		};
		F0DE55902420AB33007BF97D /* 02AVFoundation播放和录制音频 */ = {
			isa = PBXGroup;
			children = (
				F0DE55A32420D72D007BF97D /* AVFoundation播放和录制音频.md */,
				F0DE55942420BBD9007BF97D /* XZQPlayAndRecordViewController.h */,
				F0DE55952420BBD9007BF97D /* XZQPlayAndRecordViewController.m */,
			);
			path = "02AVFoundation播放和录制音频";
			sourceTree = "<group>";
		};
		F0DE55972420BD55007BF97D /* Common */ = {
			isa = PBXGroup;
			children = (
				F0DE559C2420BE4F007BF97D /* pch */,
				F0DE55982420BDB6007BF97D /* Base */,
			);
			path = Common;
			sourceTree = "<group>";
		};
		F0DE55982420BDB6007BF97D /* Base */ = {
			isa = PBXGroup;
			children = (
				F0DE55992420BDCF007BF97D /* BaseViewController.h */,
				F0DE559A2420BDCF007BF97D /* BaseViewController.m */,
			);
			name = Base;
			sourceTree = "<group>";
		};
		F0DE559C2420BE4F007BF97D /* pch */ = {
			isa = PBXGroup;
			children = (
				F0DE559E2420BFE4007BF97D /* High-PrefixHeader.pch */,
			);
			name = pch;
			sourceTree = "<group>";
		};
		F0DE559F2420C362007BF97D /* Resource */ = {
			isa = PBXGroup;
			children = (
				F0E825B224288FB300D4953E /* video */,
				F0DE55A02420C36C007BF97D /* audio */,
			);
			path = Resource;
			sourceTree = "<group>";
		};
		F0DE55A02420C36C007BF97D /* audio */ = {
			isa = PBXGroup;
			children = (
				F0DE55A12420C391007BF97D /* 把故事写成我们.mp3 */,
			);
			path = audio;
			sourceTree = "<group>";
		};
		F0E10A7F2424A63A00AE383E /* 04AVFoundation视频播放 */ = {
			isa = PBXGroup;
			children = (
				F0E10A802424A65C00AE383E /* AVFoundation视频播放.md */,
				F0E825AF24288F4300D4953E /* XZQVideoPlayerController.h */,
				F0E825B024288F4300D4953E /* XZQVideoPlayerController.m */,
			);
			path = "04AVFoundation视频播放";
			sourceTree = "<group>";
		};
		F0E825B224288FB300D4953E /* video */ = {
			isa = PBXGroup;
			children = (
				F0E825B72428977B00D4953E /* test.mp4 */,
			);
			path = video;
			sourceTree = "<group>";
		};
		F0F5BA2024220D9B00EEA7F9 /* 03AVFoundation资源和元数据 */ = {
			isa = PBXGroup;
			children = (
				F0F5BA2124220E1900EEA7F9 /* AVFoundation资源和元数据.md */,
				F0D1F82124234D1200F40ECF /* XZQLibraryAndMetaDataViewController.h */,
				F0D1F82224234D1200F40ECF /* XZQLibraryAndMetaDataViewController.m */,
			);
			path = "03AVFoundation资源和元数据";
			sourceTree = "<group>";
		};
/* End PBXGroup section */

/* Begin PBXNativeTarget section */
		F01E81C6241F78D1009CC20B /* iOS-Foundation */ = {
			isa = PBXNativeTarget;
			buildConfigurationList = F01E81E0241F78D4009CC20B /* Build configuration list for PBXNativeTarget "iOS-Foundation" */;
			buildPhases = (
				F01E81C3241F78D1009CC20B /* Sources */,
				F01E81C4241F78D1009CC20B /* Frameworks */,
				F01E81C5241F78D1009CC20B /* Resources */,
			);
			buildRules = (
			);
			dependencies = (
			);
			name = "iOS-Foundation";
			productName = "iOS-Foundation";
			productReference = F01E81C7241F78D1009CC20B /* iOS-Foundation.app */;
			productType = "com.apple.product-type.application";
		};
/* End PBXNativeTarget section */

/* Begin PBXProject section */
		F01E81BF241F78D0009CC20B /* Project object */ = {
			isa = PBXProject;
			attributes = {
				LastUpgradeCheck = 1130;
				ORGANIZATIONNAME = Xuzq;
				TargetAttributes = {
					F01E81C6241F78D1009CC20B = {
						CreatedOnToolsVersion = 11.3.1;
					};
				};
			};
			buildConfigurationList = F01E81C2241F78D0009CC20B /* Build configuration list for PBXProject "iOS-Foundation" */;
			compatibilityVersion = "Xcode 9.3";
			developmentRegion = en;
			hasScannedForEncodings = 0;
			knownRegions = (
				en,
				Base,
			);
			mainGroup = F01E81BE241F78D0009CC20B;
			productRefGroup = F01E81C8241F78D1009CC20B /* Products */;
			projectDirPath = "";
			projectRoot = "";
			targets = (
				F01E81C6241F78D1009CC20B /* iOS-Foundation */,
			);
		};
/* End PBXProject section */

/* Begin PBXResourcesBuildPhase section */
		F01E81C5241F78D1009CC20B /* Resources */ = {
			isa = PBXResourcesBuildPhase;
			buildActionMask = 2147483647;
			files = (
				F01E81DA241F78D4009CC20B /* LaunchScreen.storyboard in Resources */,
				F0E825B82428977B00D4953E /* test.mp4 in Resources */,
				F01E81D7241F78D3009CC20B /* Assets.xcassets in Resources */,
				F0DE55A42420D72D007BF97D /* AVFoundation播放和录制音频.md in Resources */,
				F0DE55A22420C391007BF97D /* 把故事写成我们.mp3 in Resources */,
				F01E81D5241F78D1009CC20B /* Main.storyboard in Resources */,
			);
			runOnlyForDeploymentPostprocessing = 0;
		};
/* End PBXResourcesBuildPhase section */

/* Begin PBXSourcesBuildPhase section */
		F01E81C3241F78D1009CC20B /* Sources */ = {
			isa = PBXSourcesBuildPhase;
			buildActionMask = 2147483647;
			files = (
				F01E81D2241F78D1009CC20B /* ViewController.m in Sources */,
				F0951046242C81F200EEEF7C /* XZQPhotoVideoCaptureController.m in Sources */,
				F01E81CC241F78D1009CC20B /* AppDelegate.m in Sources */,
				F01E81DD241F78D4009CC20B /* main.m in Sources */,
				F07850C92429DA7D00898FC9 /* XZQAVkitController.m in Sources */,
				F0A1F3C9242B46C000203A07 /* XZQVideoCaptureController.m in Sources */,
				F0D1F82324234D1200F40ECF /* XZQLibraryAndMetaDataViewController.m in Sources */,
				F01E81E7241F89E7009CC20B /* XZQSpeechViewController.m in Sources */,
				F0E825B124288F4300D4953E /* XZQVideoPlayerController.m in Sources */,
				F0951043242C80FC00EEEF7C /* XZQSimpleCaptureController.m in Sources */,
				F0DE55962420BBD9007BF97D /* XZQPlayAndRecordViewController.m in Sources */,
				F0DE559B2420BDCF007BF97D /* BaseViewController.m in Sources */,
				F01E81CF241F78D1009CC20B /* SceneDelegate.m in Sources */,
			);
			runOnlyForDeploymentPostprocessing = 0;
		};
/* End PBXSourcesBuildPhase section */

/* Begin PBXVariantGroup section */
		F01E81D3241F78D1009CC20B /* Main.storyboard */ = {
			isa = PBXVariantGroup;
			children = (
				F01E81D4241F78D1009CC20B /* Base */,
			);
			name = Main.storyboard;
			sourceTree = "<group>";
		};
		F01E81D8241F78D4009CC20B /* LaunchScreen.storyboard */ = {
			isa = PBXVariantGroup;
			children = (
				F01E81D9241F78D4009CC20B /* Base */,
			);
			name = LaunchScreen.storyboard;
			sourceTree = "<group>";
		};
/* End PBXVariantGroup section */

/* Begin XCBuildConfiguration section */
		F01E81DE241F78D4009CC20B /* Debug */ = {
			isa = XCBuildConfiguration;
			buildSettings = {
				ALWAYS_SEARCH_USER_PATHS = NO;
				CLANG_ANALYZER_NONNULL = YES;
				CLANG_ANALYZER_NUMBER_OBJECT_CONVERSION = YES_AGGRESSIVE;
				CLANG_CXX_LANGUAGE_STANDARD = "gnu++14";
				CLANG_CXX_LIBRARY = "libc++";
				CLANG_ENABLE_MODULES = YES;
				CLANG_ENABLE_OBJC_ARC = YES;
				CLANG_ENABLE_OBJC_WEAK = YES;
				CLANG_WARN_BLOCK_CAPTURE_AUTORELEASING = YES;
				CLANG_WARN_BOOL_CONVERSION = YES;
				CLANG_WARN_COMMA = YES;
				CLANG_WARN_CONSTANT_CONVERSION = YES;
				CLANG_WARN_DEPRECATED_OBJC_IMPLEMENTATIONS = YES;
				CLANG_WARN_DIRECT_OBJC_ISA_USAGE = YES_ERROR;
				CLANG_WARN_DOCUMENTATION_COMMENTS = YES;
				CLANG_WARN_EMPTY_BODY = YES;
				CLANG_WARN_ENUM_CONVERSION = YES;
				CLANG_WARN_INFINITE_RECURSION = YES;
				CLANG_WARN_INT_CONVERSION = YES;
				CLANG_WARN_NON_LITERAL_NULL_CONVERSION = YES;
				CLANG_WARN_OBJC_IMPLICIT_RETAIN_SELF = YES;
				CLANG_WARN_OBJC_LITERAL_CONVERSION = YES;
				CLANG_WARN_OBJC_ROOT_CLASS = YES_ERROR;
				CLANG_WARN_RANGE_LOOP_ANALYSIS = YES;
				CLANG_WARN_STRICT_PROTOTYPES = YES;
				CLANG_WARN_SUSPICIOUS_MOVE = YES;
				CLANG_WARN_UNGUARDED_AVAILABILITY = YES_AGGRESSIVE;
				CLANG_WARN_UNREACHABLE_CODE = YES;
				CLANG_WARN__DUPLICATE_METHOD_MATCH = YES;
				COPY_PHASE_STRIP = NO;
				DEBUG_INFORMATION_FORMAT = dwarf;
				ENABLE_STRICT_OBJC_MSGSEND = YES;
				ENABLE_TESTABILITY = YES;
				GCC_C_LANGUAGE_STANDARD = gnu11;
				GCC_DYNAMIC_NO_PIC = NO;
				GCC_NO_COMMON_BLOCKS = YES;
				GCC_OPTIMIZATION_LEVEL = 0;
				GCC_PREPROCESSOR_DEFINITIONS = (
					"DEBUG=1",
					"$(inherited)",
				);
				GCC_WARN_64_TO_32_BIT_CONVERSION = YES;
				GCC_WARN_ABOUT_RETURN_TYPE = YES_ERROR;
				GCC_WARN_UNDECLARED_SELECTOR = YES;
				GCC_WARN_UNINITIALIZED_AUTOS = YES_AGGRESSIVE;
				GCC_WARN_UNUSED_FUNCTION = YES;
				GCC_WARN_UNUSED_VARIABLE = YES;
				IPHONEOS_DEPLOYMENT_TARGET = 13.2;
				MTL_ENABLE_DEBUG_INFO = INCLUDE_SOURCE;
				MTL_FAST_MATH = YES;
				ONLY_ACTIVE_ARCH = YES;
				SDKROOT = iphoneos;
			};
			name = Debug;
		};
		F01E81DF241F78D4009CC20B /* Release */ = {
			isa = XCBuildConfiguration;
			buildSettings = {
				ALWAYS_SEARCH_USER_PATHS = NO;
				CLANG_ANALYZER_NONNULL = YES;
				CLANG_ANALYZER_NUMBER_OBJECT_CONVERSION = YES_AGGRESSIVE;
				CLANG_CXX_LANGUAGE_STANDARD = "gnu++14";
				CLANG_CXX_LIBRARY = "libc++";
				CLANG_ENABLE_MODULES = YES;
				CLANG_ENABLE_OBJC_ARC = YES;
				CLANG_ENABLE_OBJC_WEAK = YES;
				CLANG_WARN_BLOCK_CAPTURE_AUTORELEASING = YES;
				CLANG_WARN_BOOL_CONVERSION = YES;
				CLANG_WARN_COMMA = YES;
				CLANG_WARN_CONSTANT_CONVERSION = YES;
				CLANG_WARN_DEPRECATED_OBJC_IMPLEMENTATIONS = YES;
				CLANG_WARN_DIRECT_OBJC_ISA_USAGE = YES_ERROR;
				CLANG_WARN_DOCUMENTATION_COMMENTS = YES;
				CLANG_WARN_EMPTY_BODY = YES;
				CLANG_WARN_ENUM_CONVERSION = YES;
				CLANG_WARN_INFINITE_RECURSION = YES;
				CLANG_WARN_INT_CONVERSION = YES;
				CLANG_WARN_NON_LITERAL_NULL_CONVERSION = YES;
				CLANG_WARN_OBJC_IMPLICIT_RETAIN_SELF = YES;
				CLANG_WARN_OBJC_LITERAL_CONVERSION = YES;
				CLANG_WARN_OBJC_ROOT_CLASS = YES_ERROR;
				CLANG_WARN_RANGE_LOOP_ANALYSIS = YES;
				CLANG_WARN_STRICT_PROTOTYPES = YES;
				CLANG_WARN_SUSPICIOUS_MOVE = YES;
				CLANG_WARN_UNGUARDED_AVAILABILITY = YES_AGGRESSIVE;
				CLANG_WARN_UNREACHABLE_CODE = YES;
				CLANG_WARN__DUPLICATE_METHOD_MATCH = YES;
				COPY_PHASE_STRIP = NO;
				DEBUG_INFORMATION_FORMAT = "dwarf-with-dsym";
				ENABLE_NS_ASSERTIONS = NO;
				ENABLE_STRICT_OBJC_MSGSEND = YES;
				GCC_C_LANGUAGE_STANDARD = gnu11;
				GCC_NO_COMMON_BLOCKS = YES;
				GCC_WARN_64_TO_32_BIT_CONVERSION = YES;
				GCC_WARN_ABOUT_RETURN_TYPE = YES_ERROR;
				GCC_WARN_UNDECLARED_SELECTOR = YES;
				GCC_WARN_UNINITIALIZED_AUTOS = YES_AGGRESSIVE;
				GCC_WARN_UNUSED_FUNCTION = YES;
				GCC_WARN_UNUSED_VARIABLE = YES;
				IPHONEOS_DEPLOYMENT_TARGET = 13.2;
				MTL_ENABLE_DEBUG_INFO = NO;
				MTL_FAST_MATH = YES;
				SDKROOT = iphoneos;
				VALIDATE_PRODUCT = YES;
			};
			name = Release;
		};
		F01E81E1241F78D4009CC20B /* Debug */ = {
			isa = XCBuildConfiguration;
			buildSettings = {
				ASSETCATALOG_COMPILER_APPICON_NAME = AppIcon;
				CODE_SIGN_STYLE = Automatic;
				DEVELOPMENT_TEAM = QX8283AUA8;
				GCC_PRECOMPILE_PREFIX_HEADER = YES;
				GCC_PREFIX_HEADER = "$(SRCROOT)/iOS-Foundation/Common/High-PrefixHeader.pch";
				INFOPLIST_FILE = "iOS-Foundation/Info.plist";
				IPHONEOS_DEPLOYMENT_TARGET = 12.4;
				LD_RUNPATH_SEARCH_PATHS = (
					"$(inherited)",
					"@executable_path/Frameworks",
				);
				PRODUCT_BUNDLE_IDENTIFIER = "com.xzq.app.iOS-Foundation";
				PRODUCT_NAME = "$(TARGET_NAME)";
				TARGETED_DEVICE_FAMILY = "1,2";
			};
			name = Debug;
		};
		F01E81E2241F78D4009CC20B /* Release */ = {
			isa = XCBuildConfiguration;
			buildSettings = {
				ASSETCATALOG_COMPILER_APPICON_NAME = AppIcon;
				CODE_SIGN_STYLE = Automatic;
				DEVELOPMENT_TEAM = QX8283AUA8;
				GCC_PRECOMPILE_PREFIX_HEADER = YES;
				GCC_PREFIX_HEADER = "$(SRCROOT)/iOS-Foundation/Common/High-PrefixHeader.pch";
				INFOPLIST_FILE = "iOS-Foundation/Info.plist";
				IPHONEOS_DEPLOYMENT_TARGET = 12.4;
				LD_RUNPATH_SEARCH_PATHS = (
					"$(inherited)",
					"@executable_path/Frameworks",
				);
				PRODUCT_BUNDLE_IDENTIFIER = "com.xzq.app.iOS-Foundation";
				PRODUCT_NAME = "$(TARGET_NAME)";
				TARGETED_DEVICE_FAMILY = "1,2";
			};
			name = Release;
		};
/* End XCBuildConfiguration section */

/* Begin XCConfigurationList section */
		F01E81C2241F78D0009CC20B /* Build configuration list for PBXProject "iOS-Foundation" */ = {
			isa = XCConfigurationList;
			buildConfigurations = (
				F01E81DE241F78D4009CC20B /* Debug */,
				F01E81DF241F78D4009CC20B /* Release */,
			);
			defaultConfigurationIsVisible = 0;
			defaultConfigurationName = Release;
		};
		F01E81E0241F78D4009CC20B /* Build configuration list for PBXNativeTarget "iOS-Foundation" */ = {
			isa = XCConfigurationList;
			buildConfigurations = (
				F01E81E1241F78D4009CC20B /* Debug */,
				F01E81E2241F78D4009CC20B /* Release */,
			);
			defaultConfigurationIsVisible = 0;
			defaultConfigurationName = Release;
		};
/* End XCConfigurationList section */
	};
	rootObject = F01E81BF241F78D0009CC20B /* Project object */;
}
